
Microsoft Visual Studio Solution File, Format Version 12.00
# Visual Studio Version 17
VisualStudioVersion = 17.6.33723.286
MinimumVisualStudioVersion = 10.0.40219.1
Project("{2150E333-8FDC-42A3-9474-1A3956D46DE8}") = "src", "src", "{9C68BCD1-6FD7-4578-8054-BD16DE0D8A53}"
EndProject
Project("{2150E333-8FDC-42A3-9474-1A3956D46DE8}") = "Service", "Service", "{CB6CE70E-EAF6-4E53-956D-B5DD321BE60D}"
EndProject
Project("{9A19103F-16F7-4668-BE54-9A1E7A4F7556}") = "CafeManagement.Domain", "src\Service\CafeManagement.Domain\CafeManagement.Domain.csproj", "{AC2A45AE-3660-4DD4-B5F3-502B7E0EC94A}"
EndProject
Project("{9A19103F-16F7-4668-BE54-9A1E7A4F7556}") = "CafeManagement.Business", "src\Service\CafeManagement.Business\CafeManagement.Business.csproj", "{8E6DADE1-5968-49F7-ABB3-B0C4A01731FB}"
EndProject
Project("{2150E333-8FDC-42A3-9474-1A3956D46DE8}") = "Presentation", "Presentation", "{B6426B2D-B2E6-4B3F-8A7C-D8924DE2A360}"
EndProject
Project("{9A19103F-16F7-4668-BE54-9A1E7A4F7556}") = "CafeManagement.WinForm", "src\Presentation\CafeManagement.WinForm\CafeManagement.WinForm.csproj", "{C4658FB4-C720-49B0-9EDF-49CBE033E12F}"
EndProject
Project("{FAE04EC0-301F-11D3-BF4B-00C04F79EFBC}") = "CafeManagement.API", "src\Presentation\CafeManagement.API\CafeManagement.API.csproj", "{1C7B5407-677F-4133-B3B5-59B7FA3F303A}"
EndProject
Project("{FAE04EC0-301F-11D3-BF4B-00C04F79EFBC}") = "CafeManagement.Common", "src\Service\CafeManagement.Common\CafeManagement.Common.csproj", "{68AA3B4B-62CD-48D2-B5C7-E570D087FBC7}"
EndProject
Global
	GlobalSection(SolutionConfigurationPlatforms) = preSolution
		Debug|Any CPU = Debug|Any CPU
		Release|Any CPU = Release|Any CPU
	EndGlobalSection
	GlobalSection(ProjectConfigurationPlatforms) = postSolution
		{AC2A45AE-3660-4DD4-B5F3-502B7E0EC94A}.Debug|Any CPU.ActiveCfg = Debug|Any CPU
		{AC2A45AE-3660-4DD4-B5F3-502B7E0EC94A}.Debug|Any CPU.Build.0 = Debug|Any CPU
		{AC2A45AE-3660-4DD4-B5F3-502B7E0EC94A}.Release|Any CPU.ActiveCfg = Release|Any CPU
		{AC2A45AE-3660-4DD4-B5F3-502B7E0EC94A}.Release|Any CPU.Build.0 = Release|Any CPU
		{8E6DADE1-5968-49F7-ABB3-B0C4A01731FB}.Debug|Any CPU.ActiveCfg = Debug|Any CPU
		{8E6DADE1-5968-49F7-ABB3-B0C4A01731FB}.Debug|Any CPU.Build.0 = Debug|Any CPU
		{8E6DADE1-5968-49F7-ABB3-B0C4A01731FB}.Release|Any CPU.ActiveCfg = Release|Any CPU
		{8E6DADE1-5968-49F7-ABB3-B0C4A01731FB}.Release|Any CPU.Build.0 = Release|Any CPU
		{C4658FB4-C720-49B0-9EDF-49CBE033E12F}.Debug|Any CPU.ActiveCfg = Debug|Any CPU
		{C4658FB4-C720-49B0-9EDF-49CBE033E12F}.Debug|Any CPU.Build.0 = Debug|Any CPU
		{C4658FB4-C720-49B0-9EDF-49CBE033E12F}.Release|Any CPU.ActiveCfg = Release|Any CPU
		{C4658FB4-C720-49B0-9EDF-49CBE033E12F}.Release|Any CPU.Build.0 = Release|Any CPU
		{1C7B5407-677F-4133-B3B5-59B7FA3F303A}.Debug|Any CPU.ActiveCfg = Debug|Any CPU
		{1C7B5407-677F-4133-B3B5-59B7FA3F303A}.Debug|Any CPU.Build.0 = Debug|Any CPU
		{1C7B5407-677F-4133-B3B5-59B7FA3F303A}.Release|Any CPU.ActiveCfg = Release|Any CPU
		{1C7B5407-677F-4133-B3B5-59B7FA3F303A}.Release|Any CPU.Build.0 = Release|Any CPU
		{68AA3B4B-62CD-48D2-B5C7-E570D087FBC7}.Debug|Any CPU.ActiveCfg = Debug|Any CPU
		{68AA3B4B-62CD-48D2-B5C7-E570D087FBC7}.Debug|Any CPU.Build.0 = Debug|Any CPU
		{68AA3B4B-62CD-48D2-B5C7-E570D087FBC7}.Release|Any CPU.ActiveCfg = Release|Any CPU
		{68AA3B4B-62CD-48D2-B5C7-E570D087FBC7}.Release|Any CPU.Build.0 = Release|Any CPU
	EndGlobalSection
	GlobalSection(SolutionProperties) = preSolution
		HideSolutionNode = FALSE
	EndGlobalSection
	GlobalSection(NestedProjects) = preSolution
		{CB6CE70E-EAF6-4E53-956D-B5DD321BE60D} = {9C68BCD1-6FD7-4578-8054-BD16DE0D8A53}
		{AC2A45AE-3660-4DD4-B5F3-502B7E0EC94A} = {CB6CE70E-EAF6-4E53-956D-B5DD321BE60D}
		{8E6DADE1-5968-49F7-ABB3-B0C4A01731FB} = {CB6CE70E-EAF6-4E53-956D-B5DD321BE60D}
		{B6426B2D-B2E6-4B3F-8A7C-D8924DE2A360} = {9C68BCD1-6FD7-4578-8054-BD16DE0D8A53}
		{C4658FB4-C720-49B0-9EDF-49CBE033E12F} = {B6426B2D-B2E6-4B3F-8A7C-D8924DE2A360}
		{1C7B5407-677F-4133-B3B5-59B7FA3F303A} = {B6426B2D-B2E6-4B3F-8A7C-D8924DE2A360}
		{68AA3B4B-62CD-48D2-B5C7-E570D087FBC7} = {CB6CE70E-EAF6-4E53-956D-B5DD321BE60D}
	EndGlobalSection
	GlobalSection(ExtensibilityGlobals) = postSolution
		SolutionGuid = {93251A27-F68C-4D8E-BF10-836A7806AA4D}
	EndGlobalSection
EndGlobal
